// !$*UTF8*$!
{
	archiveVersion = 1;
	classes = {
	};
	objectVersion = 55;
	objects = {

/* Begin PBXBuildFile section */
		747E59772792B82D0039D825 /* AppDelegate.swift in Sources */ = {isa = PBXBuildFile; fileRef = 747E59762792B82D0039D825 /* AppDelegate.swift */; };
		747E59792792B82D0039D825 /* SceneDelegate.swift in Sources */ = {isa = PBXBuildFile; fileRef = 747E59782792B82D0039D825 /* SceneDelegate.swift */; };
		747E597B2792B82D0039D825 /* ViewController.swift in Sources */ = {isa = PBXBuildFile; fileRef = 747E597A2792B82D0039D825 /* ViewController.swift */; };
		747E597E2792B82D0039D825 /* Main.storyboard in Resources */ = {isa = PBXBuildFile; fileRef = 747E597C2792B82D0039D825 /* Main.storyboard */; };
		747E59802792B8300039D825 /* Assets.xcassets in Resources */ = {isa = PBXBuildFile; fileRef = 747E597F2792B8300039D825 /* Assets.xcassets */; };
		747E59832792B8300039D825 /* LaunchScreen.storyboard in Resources */ = {isa = PBXBuildFile; fileRef = 747E59812792B8300039D825 /* LaunchScreen.storyboard */; };
		747E598B2792B9670039D825 /* GoogleService-Info.plist in Resources */ = {isa = PBXBuildFile; fileRef = 747E598A2792B9670039D825 /* GoogleService-Info.plist */; };
		747E598E2792C0B90039D825 /* FirebaseAnalytics in Frameworks */ = {isa = PBXBuildFile; productRef = 747E598D2792C0B90039D825 /* FirebaseAnalytics */; };
		747E59902792C0B90039D825 /* FirebaseDatabase in Frameworks */ = {isa = PBXBuildFile; productRef = 747E598F2792C0B90039D825 /* FirebaseDatabase */; };
		747E59922792C0B90039D825 /* FirebaseFirestore in Frameworks */ = {isa = PBXBuildFile; productRef = 747E59912792C0B90039D825 /* FirebaseFirestore */; };
		747E59942792C0B90039D825 /* FirebaseStorage in Frameworks */ = {isa = PBXBuildFile; productRef = 747E59932792C0B90039D825 /* FirebaseStorage */; };
/* End PBXBuildFile section */

/* Begin PBXFileReference section */
		747E59732792B82D0039D825 /* Delivery-test.app */ = {isa = PBXFileReference; explicitFileType = wrapper.application; includeInIndex = 0; path = "Delivery-test.app"; sourceTree = BUILT_PRODUCTS_DIR; };
		747E59762792B82D0039D825 /* AppDelegate.swift */ = {isa = PBXFileReference; lastKnownFileType = sourcecode.swift; path = AppDelegate.swift; sourceTree = "<group>"; };
		747E59782792B82D0039D825 /* SceneDelegate.swift */ = {isa = PBXFileReference; lastKnownFileType = sourcecode.swift; path = SceneDelegate.swift; sourceTree = "<group>"; };
		747E597A2792B82D0039D825 /* ViewController.swift */ = {isa = PBXFileReference; lastKnownFileType = sourcecode.swift; path = ViewController.swift; sourceTree = "<group>"; };
		747E597D2792B82D0039D825 /* Base */ = {isa = PBXFileReference; lastKnownFileType = file.storyboard; name = Base; path = Base.lproj/Main.storyboard; sourceTree = "<group>"; };
		747E597F2792B8300039D825 /* Assets.xcassets */ = {isa = PBXFileReference; lastKnownFileType = folder.assetcatalog; path = Assets.xcassets; sourceTree = "<group>"; };
		747E59822792B8300039D825 /* Base */ = {isa = PBXFileReference; lastKnownFileType = file.storyboard; name = Base; path = Base.lproj/LaunchScreen.storyboard; sourceTree = "<group>"; };
		747E59842792B8300039D825 /* Info.plist */ = {isa = PBXFileReference; lastKnownFileType = text.plist.xml; path = Info.plist; sourceTree = "<group>"; };
		747E598A2792B9670039D825 /* GoogleService-Info.plist */ = {isa = PBXFileReference; fileEncoding = 4; lastKnownFileType = text.plist.xml; name = "GoogleService-Info.plist"; path = "../../../../../../Downloads/GoogleService-Info.plist"; sourceTree = "<group>"; };
/* End PBXFileReference section */

/* Begin PBXFrameworksBuildPhase section */
		747E59702792B82D0039D825 /* Frameworks */ = {
			isa = PBXFrameworksBuildPhase;
			buildActionMask = 2147483647;
			files = (
				747E59902792C0B90039D825 /* FirebaseDatabase in Frameworks */,
				747E59942792C0B90039D825 /* FirebaseStorage in Frameworks */,
				747E598E2792C0B90039D825 /* FirebaseAnalytics in Frameworks */,
				747E59922792C0B90039D825 /* FirebaseFirestore in Frameworks */,
			);
			runOnlyForDeploymentPostprocessing = 0;
		};
/* End PBXFrameworksBuildPhase section */

/* Begin PBXGroup section */
		747E596A2792B82D0039D825 = {
			isa = PBXGroup;
			children = (
				747E59752792B82D0039D825 /* Delivery-test */,
				747E59742792B82D0039D825 /* Products */,
			);
			sourceTree = "<group>";
		};
		747E59742792B82D0039D825 /* Products */ = {
			isa = PBXGroup;
			children = (
				747E59732792B82D0039D825 /* Delivery-test.app */,
			);
			name = Products;
			sourceTree = "<group>";
		};
		747E59752792B82D0039D825 /* Delivery-test */ = {
			isa = PBXGroup;
			children = (
				747E59762792B82D0039D825 /* AppDelegate.swift */,
				747E59782792B82D0039D825 /* SceneDelegate.swift */,
				747E597A2792B82D0039D825 /* ViewController.swift */,
				747E598A2792B9670039D825 /* GoogleService-Info.plist */,
				747E597C2792B82D0039D825 /* Main.storyboard */,
				747E597F2792B8300039D825 /* Assets.xcassets */,
				747E59812792B8300039D825 /* LaunchScreen.storyboard */,
				747E59842792B8300039D825 /* Info.plist */,
			);
			path = "Delivery-test";
			sourceTree = "<group>";
		};
/* End PBXGroup section */

/* Begin PBXNativeTarget section */
		747E59722792B82D0039D825 /* Delivery-test */ = {
			isa = PBXNativeTarget;
			buildConfigurationList = 747E59872792B8300039D825 /* Build configuration list for PBXNativeTarget "Delivery-test" */;
			buildPhases = (
				747E596F2792B82D0039D825 /* Sources */,
				747E59702792B82D0039D825 /* Frameworks */,
				747E59712792B82D0039D825 /* Resources */,
			);
			buildRules = (
			);
			dependencies = (
			);
			name = "Delivery-test";
			packageProductDependencies = (
				747E598D2792C0B90039D825 /* FirebaseAnalytics */,
				747E598F2792C0B90039D825 /* FirebaseDatabase */,
				747E59912792C0B90039D825 /* FirebaseFirestore */,
				747E59932792C0B90039D825 /* FirebaseStorage */,
			);
			productName = "Delivery-test";
			productReference = 747E59732792B82D0039D825 /* Delivery-test.app */;
			productType = "com.apple.product-type.application";
		};
/* End PBXNativeTarget section */

/* Begin PBXProject section */
		747E596B2792B82D0039D825 /* Project object */ = {
			isa = PBXProject;
			attributes = {
				BuildIndependentTargetsInParallel = 1;
				LastSwiftUpdateCheck = 1310;
				LastUpgradeCheck = 1310;
				TargetAttributes = {
					747E59722792B82D0039D825 = {
						CreatedOnToolsVersion = 13.1;
					};
				};
			};
			buildConfigurationList = 747E596E2792B82D0039D825 /* Build configuration list for PBXProject "Delivery-test" */;
			compatibilityVersion = "Xcode 13.0";
			developmentRegion = en;
			hasScannedForEncodings = 0;
			knownRegions = (
				en,
				Base,
			);
			mainGroup = 747E596A2792B82D0039D825;
			packageReferences = (
				747E598C2792C0B90039D825 /* XCRemoteSwiftPackageReference "firebase-ios-sdk" */,
			);
			productRefGroup = 747E59742792B82D0039D825 /* Products */;
			projectDirPath = "";
			projectRoot = "";
			targets = (
				747E59722792B82D0039D825 /* Delivery-test */,
			);
		};
/* End PBXProject section */

/* Begin PBXResourcesBuildPhase section */
		747E59712792B82D0039D825 /* Resources */ = {
			isa = PBXResourcesBuildPhase;
			buildActionMask = 2147483647;
			files = (
				747E59832792B8300039D825 /* LaunchScreen.storyboard in Resources */,
				747E598B2792B9670039D825 /* GoogleService-Info.plist in Resources */,
				747E59802792B8300039D825 /* Assets.xcassets in Resources */,
				747E597E2792B82D0039D825 /* Main.storyboard in Resources */,
			);
			runOnlyForDeploymentPostprocessing = 0;
		};
/* End PBXResourcesBuildPhase section */

/* Begin PBXSourcesBuildPhase section */
		747E596F2792B82D0039D825 /* Sources */ = {
			isa = PBXSourcesBuildPhase;
			buildActionMask = 2147483647;
			files = (
				747E597B2792B82D0039D825 /* ViewController.swift in Sources */,
				747E59772792B82D0039D825 /* AppDelegate.swift in Sources */,
				747E59792792B82D0039D825 /* SceneDelegate.swift in Sources */,
			);
			runOnlyForDeploymentPostprocessing = 0;
		};
/* End PBXSourcesBuildPhase section */

/* Begin PBXVariantGroup section */
		747E597C2792B82D0039D825 /* Main.storyboard */ = {
			isa = PBXVariantGroup;
			children = (
				747E597D2792B82D0039D825 /* Base */,
			);
			name = Main.storyboard;
			sourceTree = "<group>";
		};
		747E59812792B8300039D825 /* LaunchScreen.storyboard */ = {
			isa = PBXVariantGroup;
			children = (
				747E59822792B8300039D825 /* Base */,
			);
			name = LaunchScreen.storyboard;
			sourceTree = "<group>";
		};
/* End PBXVariantGroup section */

/* Begin XCBuildConfiguration section */
		747E59852792B8300039D825 /* Debug */ = {
			isa = XCBuildConfiguration;
			buildSettings = {
				ALWAYS_SEARCH_USER_PATHS = NO;
				CLANG_ANALYZER_NONNULL = YES;
				CLANG_ANALYZER_NUMBER_OBJECT_CONVERSION = YES_AGGRESSIVE;
				CLANG_CXX_LANGUAGE_STANDARD = "gnu++17";
				CLANG_CXX_LIBRARY = "libc++";
				CLANG_ENABLE_MODULES = YES;
				CLANG_ENABLE_OBJC_ARC = YES;
				CLANG_ENABLE_OBJC_WEAK = YES;
				CLANG_WARN_BLOCK_CAPTURE_AUTORELEASING = YES;
				CLANG_WARN_BOOL_CONVERSION = YES;
				CLANG_WARN_COMMA = YES;
				CLANG_WARN_CONSTANT_CONVERSION = YES;
				CLANG_WARN_DEPRECATED_OBJC_IMPLEMENTATIONS = YES;
				CLANG_WARN_DIRECT_OBJC_ISA_USAGE = YES_ERROR;
				CLANG_WARN_DOCUMENTATION_COMMENTS = YES;
				CLANG_WARN_EMPTY_BODY = YES;
				CLANG_WARN_ENUM_CONVERSION = YES;
				CLANG_WARN_INFINITE_RECURSION = YES;
				CLANG_WARN_INT_CONVERSION = YES;
				CLANG_WARN_NON_LITERAL_NULL_CONVERSION = YES;
				CLANG_WARN_OBJC_IMPLICIT_RETAIN_SELF = YES;
				CLANG_WARN_OBJC_LITERAL_CONVERSION = YES;
				CLANG_WARN_OBJC_ROOT_CLASS = YES_ERROR;
				CLANG_WARN_QUOTED_INCLUDE_IN_FRAMEWORK_HEADER = YES;
				CLANG_WARN_RANGE_LOOP_ANALYSIS = YES;
				CLANG_WARN_STRICT_PROTOTYPES = YES;
				CLANG_WARN_SUSPICIOUS_MOVE = YES;
				CLANG_WARN_UNGUARDED_AVAILABILITY = YES_AGGRESSIVE;
				CLANG_WARN_UNREACHABLE_CODE = YES;
				CLANG_WARN__DUPLICATE_METHOD_MATCH = YES;
				COPY_PHASE_STRIP = NO;
				DEBUG_INFORMATION_FORMAT = dwarf;
				ENABLE_STRICT_OBJC_MSGSEND = YES;
				ENABLE_TESTABILITY = YES;
				GCC_C_LANGUAGE_STANDARD = gnu11;
				GCC_DYNAMIC_NO_PIC = NO;
				GCC_NO_COMMON_BLOCKS = YES;
				GCC_OPTIMIZATION_LEVEL = 0;
				GCC_PREPROCESSOR_DEFINITIONS = (
					"DEBUG=1",
					"$(inherited)",
				);
				GCC_WARN_64_TO_32_BIT_CONVERSION = YES;
				GCC_WARN_ABOUT_RETURN_TYPE = YES_ERROR;
				GCC_WARN_UNDECLARED_SELECTOR = YES;
				GCC_WARN_UNINITIALIZED_AUTOS = YES_AGGRESSIVE;
				GCC_WARN_UNUSED_FUNCTION = YES;
				GCC_WARN_UNUSED_VARIABLE = YES;
				IPHONEOS_DEPLOYMENT_TARGET = 15.0;
				MTL_ENABLE_DEBUG_INFO = INCLUDE_SOURCE;
				MTL_FAST_MATH = YES;
				ONLY_ACTIVE_ARCH = YES;
				SDKROOT = iphoneos;
				SWIFT_ACTIVE_COMPILATION_CONDITIONS = DEBUG;
				SWIFT_OPTIMIZATION_LEVEL = "-Onone";
			};
			name = Debug;
		};
		747E59862792B8300039D825 /* Release */ = {
			isa = XCBuildConfiguration;
			buildSettings = {
				ALWAYS_SEARCH_USER_PATHS = NO;
				CLANG_ANALYZER_NONNULL = YES;
				CLANG_ANALYZER_NUMBER_OBJECT_CONVERSION = YES_AGGRESSIVE;
				CLANG_CXX_LANGUAGE_STANDARD = "gnu++17";
				CLANG_CXX_LIBRARY = "libc++";
				CLANG_ENABLE_MODULES = YES;
				CLANG_ENABLE_OBJC_ARC = YES;
				CLANG_ENABLE_OBJC_WEAK = YES;
				CLANG_WARN_BLOCK_CAPTURE_AUTORELEASING = YES;
				CLANG_WARN_BOOL_CONVERSION = YES;
				CLANG_WARN_COMMA = YES;
				CLANG_WARN_CONSTANT_CONVERSION = YES;
				CLANG_WARN_DEPRECATED_OBJC_IMPLEMENTATIONS = YES;
				CLANG_WARN_DIRECT_OBJC_ISA_USAGE = YES_ERROR;
				CLANG_WARN_DOCUMENTATION_COMMENTS = YES;
				CLANG_WARN_EMPTY_BODY = YES;
				CLANG_WARN_ENUM_CONVERSION = YES;
				CLANG_WARN_INFINITE_RECURSION = YES;
				CLANG_WARN_INT_CONVERSION = YES;
				CLANG_WARN_NON_LITERAL_NULL_CONVERSION = YES;
				CLANG_WARN_OBJC_IMPLICIT_RETAIN_SELF = YES;
				CLANG_WARN_OBJC_LITERAL_CONVERSION = YES;
				CLANG_WARN_OBJC_ROOT_CLASS = YES_ERROR;
				CLANG_WARN_QUOTED_INCLUDE_IN_FRAMEWORK_HEADER = YES;
				CLANG_WARN_RANGE_LOOP_ANALYSIS = YES;
				CLANG_WARN_STRICT_PROTOTYPES = YES;
				CLANG_WARN_SUSPICIOUS_MOVE = YES;
				CLANG_WARN_UNGUARDED_AVAILABILITY = YES_AGGRESSIVE;
				CLANG_WARN_UNREACHABLE_CODE = YES;
				CLANG_WARN__DUPLICATE_METHOD_MATCH = YES;
				COPY_PHASE_STRIP = NO;
				DEBUG_INFORMATION_FORMAT = "dwarf-with-dsym";
				ENABLE_NS_ASSERTIONS = NO;
				ENABLE_STRICT_OBJC_MSGSEND = YES;
				GCC_C_LANGUAGE_STANDARD = gnu11;
				GCC_NO_COMMON_BLOCKS = YES;
				GCC_WARN_64_TO_32_BIT_CONVERSION = YES;
				GCC_WARN_ABOUT_RETURN_TYPE = YES_ERROR;
				GCC_WARN_UNDECLARED_SELECTOR = YES;
				GCC_WARN_UNINITIALIZED_AUTOS = YES_AGGRESSIVE;
				GCC_WARN_UNUSED_FUNCTION = YES;
				GCC_WARN_UNUSED_VARIABLE = YES;
				IPHONEOS_DEPLOYMENT_TARGET = 15.0;
				MTL_ENABLE_DEBUG_INFO = NO;
				MTL_FAST_MATH = YES;
				SDKROOT = iphoneos;
				SWIFT_COMPILATION_MODE = wholemodule;
				SWIFT_OPTIMIZATION_LEVEL = "-O";
				VALIDATE_PRODUCT = YES;
			};
			name = Release;
		};
		747E59882792B8300039D825 /* Debug */ = {
			isa = XCBuildConfiguration;
			buildSettings = {
				ASSETCATALOG_COMPILER_APPICON_NAME = AppIcon;
				ASSETCATALOG_COMPILER_GLOBAL_ACCENT_COLOR_NAME = AccentColor;
				CODE_SIGN_STYLE = Automatic;
				CURRENT_PROJECT_VERSION = 1;
				DEVELOPMENT_TEAM = 3NCMAMAQ49;
				GENERATE_INFOPLIST_FILE = YES;
				INFOPLIST_FILE = "Delivery-test/Info.plist";
				INFOPLIST_KEY_UIApplicationSupportsIndirectInputEvents = YES;
				INFOPLIST_KEY_UILaunchStoryboardName = LaunchScreen;
				INFOPLIST_KEY_UIMainStoryboardFile = Main;
				INFOPLIST_KEY_UISupportedInterfaceOrientations_iPad = "UIInterfaceOrientationPortrait UIInterfaceOrientationPortraitUpsideDown UIInterfaceOrientationLandscapeLeft UIInterfaceOrientationLandscapeRight";
				INFOPLIST_KEY_UISupportedInterfaceOrientations_iPhone = "UIInterfaceOrientationPortrait UIInterfaceOrientationLandscapeLeft UIInterfaceOrientationLandscapeRight";
				LD_RUNPATH_SEARCH_PATHS = (
					"$(inherited)",
					"@executable_path/Frameworks",
				);
				MARKETING_VERSION = 1.0;
				PRODUCT_BUNDLE_IDENTIFIER = "stiks.Delivery-test";
				PRODUCT_NAME = "$(TARGET_NAME)";
				SWIFT_EMIT_LOC_STRINGS = YES;
				SWIFT_VERSION = 5.0;
				TARGETED_DEVICE_FAMILY = "1,2";
			};
			name = Debug;
		};
		747E59892792B8300039D825 /* Release */ = {
			isa = XCBuildConfiguration;
			buildSettings = {
				ASSETCATALOG_COMPILER_APPICON_NAME = AppIcon;
				ASSETCATALOG_COMPILER_GLOBAL_ACCENT_COLOR_NAME = AccentColor;
				CODE_SIGN_STYLE = Automatic;
				CURRENT_PROJECT_VERSION = 1;
				DEVELOPMENT_TEAM = 3NCMAMAQ49;
				GENERATE_INFOPLIST_FILE = YES;
				INFOPLIST_FILE = "Delivery-test/Info.plist";
				INFOPLIST_KEY_UIApplicationSupportsIndirectInputEvents = YES;
				INFOPLIST_KEY_UILaunchStoryboardName = LaunchScreen;
				INFOPLIST_KEY_UIMainStoryboardFile = Main;
				INFOPLIST_KEY_UISupportedInterfaceOrientations_iPad = "UIInterfaceOrientationPortrait UIInterfaceOrientationPortraitUpsideDown UIInterfaceOrientationLandscapeLeft UIInterfaceOrientationLandscapeRight";
				INFOPLIST_KEY_UISupportedInterfaceOrientations_iPhone = "UIInterfaceOrientationPortrait UIInterfaceOrientationLandscapeLeft UIInterfaceOrientationLandscapeRight";
				LD_RUNPATH_SEARCH_PATHS = (
					"$(inherited)",
					"@executable_path/Frameworks",
				);
				MARKETING_VERSION = 1.0;
				PRODUCT_BUNDLE_IDENTIFIER = "stiks.Delivery-test";
				PRODUCT_NAME = "$(TARGET_NAME)";
				SWIFT_EMIT_LOC_STRINGS = YES;
				SWIFT_VERSION = 5.0;
				TARGETED_DEVICE_FAMILY = "1,2";
			};
			name = Release;
		};
/* End XCBuildConfiguration section */

/* Begin XCConfigurationList section */
		747E596E2792B82D0039D825 /* Build configuration list for PBXProject "Delivery-test" */ = {
			isa = XCConfigurationList;
			buildConfigurations = (
				747E59852792B8300039D825 /* Debug */,
				747E59862792B8300039D825 /* Release */,
			);
			defaultConfigurationIsVisible = 0;
			defaultConfigurationName = Release;
		};
		747E59872792B8300039D825 /* Build configuration list for PBXNativeTarget "Delivery-test" */ = {
			isa = XCConfigurationList;
			buildConfigurations = (
				747E59882792B8300039D825 /* Debug */,
				747E59892792B8300039D825 /* Release */,
			);
			defaultConfigurationIsVisible = 0;
			defaultConfigurationName = Release;
		};
/* End XCConfigurationList section */

/* Begin XCRemoteSwiftPackageReference section */
		747E598C2792C0B90039D825 /* XCRemoteSwiftPackageReference "firebase-ios-sdk" */ = {
			isa = XCRemoteSwiftPackageReference;
			repositoryURL = "https://github.com/firebase/firebase-ios-sdk";
			requirement = {
				branch = master;
				kind = branch;
			};
		};
/* End XCRemoteSwiftPackageReference section */

/* Begin XCSwiftPackageProductDependency section */
		747E598D2792C0B90039D825 /* FirebaseAnalytics */ = {
			isa = XCSwiftPackageProductDependency;
			package = 747E598C2792C0B90039D825 /* XCRemoteSwiftPackageReference "firebase-ios-sdk" */;
			productName = FirebaseAnalytics;
		};
		747E598F2792C0B90039D825 /* FirebaseDatabase */ = {
			isa = XCSwiftPackageProductDependency;
			package = 747E598C2792C0B90039D825 /* XCRemoteSwiftPackageReference "firebase-ios-sdk" */;
			productName = FirebaseDatabase;
		};
		747E59912792C0B90039D825 /* FirebaseFirestore */ = {
			isa = XCSwiftPackageProductDependency;
			package = 747E598C2792C0B90039D825 /* XCRemoteSwiftPackageReference "firebase-ios-sdk" */;
			productName = FirebaseFirestore;
		};
		747E59932792C0B90039D825 /* FirebaseStorage */ = {
			isa = XCSwiftPackageProductDependency;
			package = 747E598C2792C0B90039D825 /* XCRemoteSwiftPackageReference "firebase-ios-sdk" */;
			productName = FirebaseStorage;
		};
/* End XCSwiftPackageProductDependency section */
	};
	rootObject = 747E596B2792B82D0039D825 /* Project object */;
}
